
Microsoft Visual Studio Solution File, Format Version 12.00
Project("{FAE04EC0-301F-11D3-BF4B-00C04F79EFBC}") = "TemperatureMonitor.WebApi", "TemperatureMonitor.WebApi\TemperatureMonitor.WebApi.csproj", "{5EB27A23-9C30-42FF-AAD3-04B1E69001D0}"
EndProject
Project("{2150E333-8FDC-42A3-9474-1A3956D46DE8}") = "Solution Items", "Solution Items", "{6AA53D80-F0EF-43B1-91A8-A510C252D3D6}"
	ProjectSection(SolutionItems) = preProject
		compose.yaml = compose.yaml
	EndProjectSection
EndProject
Global
	GlobalSection(SolutionConfigurationPlatforms) = preSolution
		Debug|Any CPU = Debug|Any CPU
		Release|Any CPU = Release|Any CPU
	EndGlobalSection
	GlobalSection(ProjectConfigurationPlatforms) = postSolution
		{5EB27A23-9C30-42FF-AAD3-04B1E69001D0}.Debug|Any CPU.ActiveCfg = Debug|Any CPU
		{5EB27A23-9C30-42FF-AAD3-04B1E69001D0}.Debug|Any CPU.Build.0 = Debug|Any CPU
		{5EB27A23-9C30-42FF-AAD3-04B1E69001D0}.Release|Any CPU.ActiveCfg = Release|Any CPU
		{5EB27A23-9C30-42FF-AAD3-04B1E69001D0}.Release|Any CPU.Build.0 = Release|Any CPU
	EndGlobalSection
EndGlobal
